<?xml version="1.0" encoding="utf-8"?>
<Project ToolsVersion="4.0" xmlns="http://schemas.microsoft.com/developer/msbuild/2003">
  <ItemGroup>
    <ClCompile Include="Scr\main.cpp" />
    <ClCompile Include="Scr\_sekino\GameObject\GameObject.cpp">
      <Filter>GameObject</Filter>
    </ClCompile>
    <ClCompile Include="Scr\_sekino\GameObject\Weapon\Weapon.cpp">
      <Filter>GameObject\Weapon</Filter>
    </ClCompile>
    <ClCompile Include="Scr\_sekino\GameObject\Character\Character.cpp">
      <Filter>GameObject\Character</Filter>
    </ClCompile>
    <ClCompile Include="Scr\_sekino\GameObject\Camera\Camera.cpp">
      <Filter>GameObject\Camera</Filter>
    </ClCompile>
    <ClCompile Include="Scr\_sekino\Manager\AudioManager.cpp">
      <Filter>Manager</Filter>
    </ClCompile>
    <ClCompile Include="Scr\_sekino\Manager\CollisionManager.cpp">
      <Filter>Manager</Filter>
    </ClCompile>
    <ClCompile Include="Scr\_sekino\Manager\EffectManager.cpp">
      <Filter>Manager</Filter>
    </ClCompile>
    <ClCompile Include="Scr\_sekino\Manager\FadeManager.cpp">
      <Filter>Manager</Filter>
    </ClCompile>
    <ClCompile Include="Scr\_sekino\Manager\InputManager.cpp">
      <Filter>Manager</Filter>
    </ClCompile>
    <ClCompile Include="Scr\_sekino\Manager\SceneManager.cpp">
      <Filter>Manager</Filter>
    </ClCompile>
    <ClCompile Include="Scr\_sekino\Manager\TimeManager.cpp">
      <Filter>Manager</Filter>
    </ClCompile>
    <ClCompile Include="Scr\_sekino\Component\Animator.cpp">
      <Filter>Component</Filter>
    </ClCompile>
    <ClCompile Include="Scr\_sekino\Component\Collider.cpp">
      <Filter>Component</Filter>
    </ClCompile>
    <ClCompile Include="Scr\_sekino\GameObject\Audio\Audio.cpp">
      <Filter>GameObject\Audio</Filter>
    </ClCompile>
    <ClCompile Include="Scr\_sekino\Scene\SekinoScene.cpp">
      <Filter>Scene</Filter>
    </ClCompile>
  </ItemGroup>
  <ItemGroup>
    <Filter Include="GameObject">
      <UniqueIdentifier>{111e629e-6c32-423e-a97f-900ea85b0c5e}</UniqueIdentifier>
    </Filter>
    <Filter Include="Manager">
      <UniqueIdentifier>{a54fa90a-5633-4f3b-8cc9-e87998f9acea}</UniqueIdentifier>
    </Filter>
    <Filter Include="Scene">
      <UniqueIdentifier>{fe531dc0-101e-4570-b008-44ddac75d361}</UniqueIdentifier>
    </Filter>
    <Filter Include="GameObject\Camera">
      <UniqueIdentifier>{d786d992-4944-4443-b9f4-4a4f9100f6b6}</UniqueIdentifier>
    </Filter>
    <Filter Include="GameObject\Character">
      <UniqueIdentifier>{9fb473f9-c817-4843-94d7-8c09163aeb8e}</UniqueIdentifier>
    </Filter>
    <Filter Include="GameObject\Weapon">
      <UniqueIdentifier>{7df2d772-3788-479a-a3d2-ff98609038e0}</UniqueIdentifier>
    </Filter>
    <Filter Include="Component">
      <UniqueIdentifier>{44278a7b-6bc0-4782-8503-60d1ad39e534}</UniqueIdentifier>
    </Filter>
    <Filter Include="GameObject\Audio">
      <UniqueIdentifier>{9fb2723e-ea61-4d58-963c-e8f7d4247796}</UniqueIdentifier>
    </Filter>
  </ItemGroup>
  <ItemGroup>
    <ClInclude Include="Scr\_sekino\GameObject\GameObject.h">
      <Filter>GameObject</Filter>
    </ClInclude>
    <ClInclude Include="Scr\_sekino\GameObject\Weapon\Weapon.h">
      <Filter>GameObject\Weapon</Filter>
    </ClInclude>
    <ClInclude Include="Scr\_sekino\GameObject\Character\Character.h">
      <Filter>GameObject\Character</Filter>
    </ClInclude>
    <ClInclude Include="Scr\_sekino\GameObject\Camera\Camera.h">
      <Filter>GameObject\Camera</Filter>
    </ClInclude>
    <ClInclude Include="Scr\_sekino\Manager\AudioManager.h">
      <Filter>Manager</Filter>
    </ClInclude>
    <ClInclude Include="Scr\_sekino\Manager\CollisionManager.h">
      <Filter>Manager</Filter>
    </ClInclude>
    <ClInclude Include="Scr\_sekino\Manager\EffectManager.h">
      <Filter>Manager</Filter>
    </ClInclude>
    <ClInclude Include="Scr\_sekino\Manager\FadeManager.h">
      <Filter>Manager</Filter>
    </ClInclude>
    <ClInclude Include="Scr\_sekino\Manager\InputManager.h">
      <Filter>Manager</Filter>
    </ClInclude>
    <ClInclude Include="Scr\_sekino\Manager\SceneManager.h">
      <Filter>Manager</Filter>
    </ClInclude>
    <ClInclude Include="Scr\_sekino\Manager\TimeManager.h">
      <Filter>Manager</Filter>
    </ClInclude>
    <ClInclude Include="Scr\_sekino\Scene\BaseScene.h">
      <Filter>Scene</Filter>
    </ClInclude>
    <ClInclude Include="Scr\_sekino\Component\Animator.h">
      <Filter>Component</Filter>
    </ClInclude>
    <ClInclude Include="Scr\_sekino\Component\Collider.h">
      <Filter>Component</Filter>
    </ClInclude>
    <ClInclude Include="Scr\_sekino\GameObject\Audio\Audio.h">
      <Filter>GameObject\Audio</Filter>
    </ClInclude>
    <ClInclude Include="Scr\Definition.h" />
    <ClInclude Include="Scr\_sekino\Scene\SekinoScene.h">
      <Filter>Scene</Filter>
    </ClInclude>
  </ItemGroup>
</Project>